
Microsoft Visual Studio Solution File, Format Version 12.00
# Visual Studio 15
VisualStudioVersion = 15.0.28010.2046
MinimumVisualStudioVersion = 10.0.40219.1
Project("{FAE04EC0-301F-11D3-BF4B-00C04F79EFBC}") = "PersonCustomerClass", "PersonCustomerClass\PersonCustomerClass.csproj", "{99B562F1-ABD9-49FC-A61C-CA5466002C0E}"
EndProject
Global
	GlobalSection(SolutionConfigurationPlatforms) = preSolution
		Debug|Any CPU = Debug|Any CPU
		Release|Any CPU = Release|Any CPU
	EndGlobalSection
	GlobalSection(ProjectConfigurationPlatforms) = postSolution
		{99B562F1-ABD9-49FC-A61C-CA5466002C0E}.Debug|Any CPU.ActiveCfg = Debug|Any CPU
		{99B562F1-ABD9-49FC-A61C-CA5466002C0E}.Debug|Any CPU.Build.0 = Debug|Any CPU
		{99B562F1-ABD9-49FC-A61C-CA5466002C0E}.Release|Any CPU.ActiveCfg = Release|Any CPU
		{99B562F1-ABD9-49FC-A61C-CA5466002C0E}.Release|Any CPU.Build.0 = Release|Any CPU
	EndGlobalSection
	GlobalSection(SolutionProperties) = preSolution
		HideSolutionNode = FALSE
	EndGlobalSection
	GlobalSection(ExtensibilityGlobals) = postSolution
		SolutionGuid = {EF6BEC0C-8880-47A8-BBB2-90FE30CAB9BA}
	EndGlobalSection
EndGlobal
